{
  "version": 4,
  "terraform_version": "1.4.6",
  "serial": 15,
  "lineage": "40e73169-eb82-e1a3-a2ad-d15fce0343bc",
  "outputs": {
    "PrivateIP": {
      "value": "172.31.33.38",
      "type": "string"
    },
    "PublicIP": {
      "value": "52.199.14.240",
      "type": "string"
    }
  },
  "resources": [
    {
      "mode": "managed",
      "type": "aws_instance",
      "name": "web01",
      "provider": "provider[\"registry.terraform.io/hashicorp/aws\"]",
      "instances": [
        {
          "schema_version": 1,
          "attributes": {
            "ami": "ami-0e0820ad173f20fbb",
            "arn": "arn:aws:ec2:ap-northeast-1:051731902500:instance/i-0679f3965a97ffc97",
            "associate_public_ip_address": true,
            "availability_zone": "ap-northeast-1a",
            "capacity_reservation_specification": [
              {
                "capacity_reservation_preference": "open",
                "capacity_reservation_target": []
              }
            ],
            "cpu_core_count": 1,
            "cpu_options": [
              {
                "amd_sev_snp": "",
                "core_count": 1,
                "threads_per_core": 1
              }
            ],
            "cpu_threads_per_core": 1,
            "credit_specification": [
              {
                "cpu_credits": "standard"
              }
            ],
            "disable_api_stop": false,
            "disable_api_termination": false,
            "ebs_block_device": [],
            "ebs_optimized": false,
            "enclave_options": [
              {
                "enabled": false
              }
            ],
            "ephemeral_block_device": [],
            "get_password_data": false,
            "hibernation": false,
            "host_id": "",
            "host_resource_group_arn": null,
            "iam_instance_profile": "",
            "id": "i-0679f3965a97ffc97",
            "instance_initiated_shutdown_behavior": "stop",
            "instance_state": "running",
            "instance_type": "t2.micro",
            "ipv6_address_count": 0,
            "ipv6_addresses": [],
            "key_name": "web-key",
            "launch_template": [],
            "maintenance_options": [
              {
                "auto_recovery": "default"
              }
            ],
            "metadata_options": [
              {
                "http_endpoint": "enabled",
                "http_put_response_hop_limit": 2,
                "http_tokens": "required",
                "instance_metadata_tags": "disabled"
              }
            ],
            "monitoring": false,
            "network_interface": [],
            "outpost_arn": "",
            "password_data": "",
            "placement_group": "",
            "placement_partition_number": 0,
            "primary_network_interface_id": "eni-032ba75713bf00b54",
            "private_dns": "ip-172-31-33-38.ap-northeast-1.compute.internal",
            "private_dns_name_options": [
              {
                "enable_resource_name_dns_a_record": false,
                "enable_resource_name_dns_aaaa_record": false,
                "hostname_type": "ip-name"
              }
            ],
            "private_ip": "172.31.33.38",
            "public_dns": "ec2-52-199-14-240.ap-northeast-1.compute.amazonaws.com",
            "public_ip": "52.199.14.240",
            "root_block_device": [
              {
                "delete_on_termination": true,
                "device_name": "/dev/xvda",
                "encrypted": false,
                "iops": 3000,
                "kms_key_id": "",
                "tags": {},
                "throughput": 125,
                "volume_id": "vol-004b2c8a9dbff9742",
                "volume_size": 8,
                "volume_type": "gp3"
              }
            ],
            "secondary_private_ips": [],
            "security_groups": [
              "vprofile-app-sg"
            ],
            "source_dest_check": true,
            "subnet_id": "subnet-03558ed1bccbac273",
            "tags": {
              "Name": "web01",
              "Project": "Web"
            },
            "tags_all": {
              "Name": "web01",
              "Project": "Web"
            },
            "tenancy": "default",
            "timeouts": null,
            "user_data": null,
            "user_data_base64": null,
            "user_data_replace_on_change": false,
            "volume_tags": null,
            "vpc_security_group_ids": [
              "sg-03fde3e26448e63e7"
            ]
          },
          "sensitive_attributes": [],
          "private": "eyJlMmJmYjczMC1lY2FhLTExZTYtOGY4OC0zNDM2M2JjN2M0YzAiOnsiY3JlYXRlIjo2MDAwMDAwMDAwMDAsImRlbGV0ZSI6MTIwMDAwMDAwMDAwMCwidXBkYXRlIjo2MDAwMDAwMDAwMDB9LCJzY2hlbWFfdmVyc2lvbiI6IjEifQ==",
          "dependencies": [
            "aws_key_pair.web-key"
          ]
        }
      ]
    },
    {
      "mode": "managed",
      "type": "aws_key_pair",
      "name": "web-key",
      "provider": "provider[\"registry.terraform.io/hashicorp/aws\"]",
      "instances": [
        {
          "schema_version": 1,
          "attributes": {
            "arn": "arn:aws:ec2:ap-northeast-1:051731902500:key-pair/web-key",
            "fingerprint": "e5:d5:18:98:cb:95:a8:3a:3c:bf:6e:40:cc:fc:ca:1d",
            "id": "web-key",
            "key_name": "web-key",
            "key_name_prefix": "",
            "key_pair_id": "key-0896ccf36c1dc3bc3",
            "key_type": "rsa",
            "public_key": "ssh-rsa AAAAB3NzaC1yc2EAAAADAQABAAABgQCpqvjxec2c8J7qsVxMZN6efbSBmf33vyvHHa0fGQV0I1j/EPjmCFVgOFv4Dqrtpp6R0IcDnE6821p96GCNPy8yZ4xY/Ev3Sc0DMhWYQQu/lnYRxxweQGuypucHLmDvPkcN97aeP2yzWJP/EpNIwhtQ5G9MdOmtxW6gpU9kRo5sXBgGAOXOAhmmy/HQHxT100510+IUtCh28J/8lDAJ2teO12idsb5eYlYGvVB+GFLjaVNb+LqyQhE+1CseU7SwkaIQXk+kmoC8Sx6N1Vf89UtFVF+NEEzZVddWeS/UnFik0rOXJPWjidnXyvujpuXGEJIQ305P9nrBv23S2smBYPikymHuSMLMEsCHuDMqhk1EncdiHnDOfSXI1SY84vZFhlmUEsDCwcyEnM4f2jPc68opZmyE4zH60B4cdGRDMFaSZT+5uUY+8p15UQuKblpJ569oOYaozm1vMTLsY1eQp3rjXLE6eOk8Ft0eK31m6seMVpjnyNYB+O6UAbSy9mNoiR8= cys@CYSs-MacBook-Pro.local",
            "tags": {},
            "tags_all": {}
          },
          "sensitive_attributes": [],
          "private": "eyJzY2hlbWFfdmVyc2lvbiI6IjEifQ=="
        }
      ]
    }
  ],
  "check_results": null
}
